
Microsoft Visual Studio Solution File, Format Version 12.00
# Visual Studio Version 16
VisualStudioVersion = 16.0.31025.194
MinimumVisualStudioVersion = 10.0.40219.1
Project("{FAE04EC0-301F-11D3-BF4B-00C04F79EFBC}") = "Anime-Dash", "Anime-Dash\Anime-Dash.csproj", "{C1FE6636-049E-47DF-9457-6B923C1657CF}"
EndProject
Global
	GlobalSection(SolutionConfigurationPlatforms) = preSolution
		Debug|Any CPU = Debug|Any CPU
		Release|Any CPU = Release|Any CPU
	EndGlobalSection
	GlobalSection(ProjectConfigurationPlatforms) = postSolution
		{C1FE6636-049E-47DF-9457-6B923C1657CF}.Debug|Any CPU.ActiveCfg = Debug|Any CPU
		{C1FE6636-049E-47DF-9457-6B923C1657CF}.Debug|Any CPU.Build.0 = Debug|Any CPU
		{C1FE6636-049E-47DF-9457-6B923C1657CF}.Release|Any CPU.ActiveCfg = Release|Any CPU
		{C1FE6636-049E-47DF-9457-6B923C1657CF}.Release|Any CPU.Build.0 = Release|Any CPU
	EndGlobalSection
	GlobalSection(SolutionProperties) = preSolution
		HideSolutionNode = FALSE
	EndGlobalSection
	GlobalSection(ExtensibilityGlobals) = postSolution
		SolutionGuid = {28E95136-40FC-4552-9194-4615F1467CC7}
	EndGlobalSection
EndGlobal
